
Microsoft Visual Studio Solution File, Format Version 12.00
# Visual Studio Version 17
VisualStudioVersion = 17.3.32929.385
MinimumVisualStudioVersion = 10.0.40219.1
Project("{FAE04EC0-301F-11D3-BF4B-00C04F79EFBC}") = "MraabtaService", "MraabtaService\MraabtaService.csproj", "{AA3744D7-3637-4D41-B908-9B53DCC773D5}"
EndProject
Global
	GlobalSection(SolutionConfigurationPlatforms) = preSolution
		Debug|Any CPU = Debug|Any CPU
		Release|Any CPU = Release|Any CPU
	EndGlobalSection
	GlobalSection(ProjectConfigurationPlatforms) = postSolution
		{AA3744D7-3637-4D41-B908-9B53DCC773D5}.Debug|Any CPU.ActiveCfg = Debug|Any CPU
		{AA3744D7-3637-4D41-B908-9B53DCC773D5}.Debug|Any CPU.Build.0 = Debug|Any CPU
		{AA3744D7-3637-4D41-B908-9B53DCC773D5}.Release|Any CPU.ActiveCfg = Release|Any CPU
		{AA3744D7-3637-4D41-B908-9B53DCC773D5}.Release|Any CPU.Build.0 = Release|Any CPU
	EndGlobalSection
	GlobalSection(SolutionProperties) = preSolution
		HideSolutionNode = FALSE
	EndGlobalSection
	GlobalSection(ExtensibilityGlobals) = postSolution
		SolutionGuid = {C483FC44-F965-4F2E-B8DE-AA82762E5908}
	EndGlobalSection
EndGlobal
